{
  "name": "ngraph",
  "version": "1.0.0",
  "lockfileVersion": 1,
  "requires": true,
  "dependencies": {
    "dotparser": {
      "version": "0.4.0",
      "resolved": "https://registry.npmjs.org/dotparser/-/dotparser-0.4.0.tgz",
      "integrity": "sha512-l4QBA70CRa3D0Dcm+QKPJeTrmOQopxHNWhd+xupkSJh+aFtuqPEDtsBhezdtcoQJd1LaKdtrqDbxt+63kRzoLw=="
    },
    "minimist": {
      "version": "0.0.8",
      "resolved": "https://registry.npmjs.org/minimist/-/minimist-0.0.8.tgz",
      "integrity": "sha1-hX/Kv8M5fSYluCKCYuhqp6ARsF0="
    },
    "mkdirp": {
      "version": "0.5.1",
      "resolved": "https://registry.npmjs.org/mkdirp/-/mkdirp-0.5.1.tgz",
      "integrity": "sha1-MAV0OOrGz3+MR2fzhkjWaX11yQM=",
      "requires": {
        "minimist": "0.0.8"
      }
    },
    "ngraph.events": {
      "version": "0.0.3",
      "resolved": "https://registry.npmjs.org/ngraph.events/-/ngraph.events-0.0.3.tgz",
      "integrity": "sha1-OPVTFvPSB61jH/lPZiLKjywOh9A="
    },
    "ngraph.expose": {
      "version": "0.0.0",
      "resolved": "https://registry.npmjs.org/ngraph.expose/-/ngraph.expose-0.0.0.tgz",
      "integrity": "sha1-dGw0kDo4SMRdAzsUvGRhnqhf5ao="
    },
    "ngraph.forcelayout": {
      "version": "0.0.22",
      "resolved": "https://registry.npmjs.org/ngraph.forcelayout/-/ngraph.forcelayout-0.0.22.tgz",
      "integrity": "sha1-2sa+5PJBC4J6UfM+OnbTDZkGSec=",
      "requires": {
        "ngraph.events": "0.0.3",
        "ngraph.physics.simulator": "0.0.12"
      }
    },
    "ngraph.forcelayout3d": {
      "version": "0.0.15",
      "resolved": "https://registry.npmjs.org/ngraph.forcelayout3d/-/ngraph.forcelayout3d-0.0.15.tgz",
      "integrity": "sha1-ED+5EnEeQ1MgNcW/GwP8Hu3eKgM=",
      "requires": {
        "ngraph.expose": "0.0.0",
        "ngraph.forcelayout": "0.0.22",
        "ngraph.merge": "0.0.1",
        "ngraph.physics.primitives": "0.0.7",
        "ngraph.quadtreebh3d": "0.0.3",
        "ngraph.random": "0.0.1"
      }
    },
    "ngraph.fromdot": {
      "version": "0.4.0",
      "resolved": "https://registry.npmjs.org/ngraph.fromdot/-/ngraph.fromdot-0.4.0.tgz",
      "integrity": "sha512-QqniUzWcgUfU0TfnHgB3v7zhkMx2M183DaHP5WGZ2odWvlGHD8aca6UsfybwptOT+cB0YIn+PRiiYUf7VpK4oA==",
      "requires": {
        "dotparser": "^0.4.0",
        "ngraph.graph": "0.0.14"
      }
    },
    "ngraph.graph": {
      "version": "0.0.14",
      "resolved": "https://registry.npmjs.org/ngraph.graph/-/ngraph.graph-0.0.14.tgz",
      "integrity": "sha1-1HrJSWfJIKr3aVLYpOczRuHfLbc=",
      "requires": {
        "ngraph.events": "0.0.3"
      }
    },
    "ngraph.merge": {
      "version": "0.0.1",
      "resolved": "https://registry.npmjs.org/ngraph.merge/-/ngraph.merge-0.0.1.tgz",
      "integrity": "sha1-5OgM43WBo8lrF9VF46Q8hUNLkCU="
    },
    "ngraph.offline.layout": {
      "version": "1.1.1",
      "resolved": "https://registry.npmjs.org/ngraph.offline.layout/-/ngraph.offline.layout-1.1.1.tgz",
      "integrity": "sha1-SBCDhyOzdeXdElXztAWtZIZXNP0=",
      "requires": {
        "mkdirp": "^0.5.0",
        "ngraph.forcelayout3d": "0.0.15"
      }
    },
    "ngraph.physics.primitives": {
      "version": "0.0.7",
      "resolved": "https://registry.npmjs.org/ngraph.physics.primitives/-/ngraph.physics.primitives-0.0.7.tgz",
      "integrity": "sha1-Xcnhebofkubex3SwHNaJFBILeVs="
    },
    "ngraph.physics.simulator": {
      "version": "0.0.12",
      "resolved": "https://registry.npmjs.org/ngraph.physics.simulator/-/ngraph.physics.simulator-0.0.12.tgz",
      "integrity": "sha1-JMhZxEDeo2zV2yBbqAoW8SEXQnk=",
      "requires": {
        "ngraph.events": "0.0.3",
        "ngraph.expose": "0.0.0",
        "ngraph.merge": "0.0.1",
        "ngraph.physics.primitives": "0.0.7",
        "ngraph.quadtreebh": "0.0.3",
        "ngraph.random": "0.0.1"
      }
    },
    "ngraph.quadtreebh": {
      "version": "0.0.3",
      "resolved": "https://registry.npmjs.org/ngraph.quadtreebh/-/ngraph.quadtreebh-0.0.3.tgz",
      "integrity": "sha1-mu4qCTGxl4DTStg2FulqJTZ1EpU=",
      "requires": {
        "ngraph.random": "0.0.1"
      }
    },
    "ngraph.quadtreebh3d": {
      "version": "0.0.3",
      "resolved": "https://registry.npmjs.org/ngraph.quadtreebh3d/-/ngraph.quadtreebh3d-0.0.3.tgz",
      "integrity": "sha1-eys2vXef62Rnz7d07lnPk7i3Vqg=",
      "requires": {
        "ngraph.random": "0.0.1"
      }
    },
    "ngraph.random": {
      "version": "0.0.1",
      "resolved": "https://registry.npmjs.org/ngraph.random/-/ngraph.random-0.0.1.tgz",
      "integrity": "sha1-wAji67/f+vF+0Q5LvJE+VnFmvPg="
    },
    "ngraph.tobinary": {
      "version": "1.0.1",
      "resolved": "https://registry.npmjs.org/ngraph.tobinary/-/ngraph.tobinary-1.0.1.tgz",
      "integrity": "sha1-ST8Agt+PW29SmApDMGu6pslpYT4=",
      "requires": {
        "mkdirp": "^0.5.0",
        "ngraph.merge": "0.0.1"
      }
    }
  }
}
